
Microsoft Visual Studio Solution File, Format Version 12.00
# Visual Studio Version 16
VisualStudioVersion = 16.0.30114.105
MinimumVisualStudioVersion = 10.0.40219.1
Project("{2150E333-8FDC-42A3-9474-1A3956D46DE8}") = "src", "src", "{041A21DE-FE29-49C2-9743-15B93E505D89}"
EndProject
Project("{FAE04EC0-301F-11D3-BF4B-00C04F79EFBC}") = "EmojiOne", "src\EmojiOne\EmojiOne.csproj", "{085FB1D1-70D7-4550-8F72-3AFA563523D3}"
EndProject
Project("{FAE04EC0-301F-11D3-BF4B-00C04F79EFBC}") = "CodeGen", "src\CodeGen\CodeGen.csproj", "{E4FC2A4C-62B1-4440-B888-DC18D24A036D}"
EndProject
Project("{2150E333-8FDC-42A3-9474-1A3956D46DE8}") = "test", "test", "{65D1FDF1-3D18-43EE-BF36-90F68A60CE2E}"
EndProject
Project("{FAE04EC0-301F-11D3-BF4B-00C04F79EFBC}") = "EmojiOne.Tests", "test\EmojiOne.Tests\EmojiOne.Tests.csproj", "{471711D7-9446-4CAC-A2C6-C28DC40CF399}"
EndProject
Global
	GlobalSection(SolutionConfigurationPlatforms) = preSolution
		Debug|Any CPU = Debug|Any CPU
		Release|Any CPU = Release|Any CPU
	EndGlobalSection
	GlobalSection(SolutionProperties) = preSolution
		HideSolutionNode = FALSE
	EndGlobalSection
	GlobalSection(ProjectConfigurationPlatforms) = postSolution
		{085FB1D1-70D7-4550-8F72-3AFA563523D3}.Debug|Any CPU.ActiveCfg = Debug|Any CPU
		{085FB1D1-70D7-4550-8F72-3AFA563523D3}.Debug|Any CPU.Build.0 = Debug|Any CPU
		{085FB1D1-70D7-4550-8F72-3AFA563523D3}.Release|Any CPU.ActiveCfg = Release|Any CPU
		{085FB1D1-70D7-4550-8F72-3AFA563523D3}.Release|Any CPU.Build.0 = Release|Any CPU
		{E4FC2A4C-62B1-4440-B888-DC18D24A036D}.Debug|Any CPU.ActiveCfg = Debug|Any CPU
		{E4FC2A4C-62B1-4440-B888-DC18D24A036D}.Debug|Any CPU.Build.0 = Debug|Any CPU
		{E4FC2A4C-62B1-4440-B888-DC18D24A036D}.Release|Any CPU.ActiveCfg = Release|Any CPU
		{E4FC2A4C-62B1-4440-B888-DC18D24A036D}.Release|Any CPU.Build.0 = Release|Any CPU
		{471711D7-9446-4CAC-A2C6-C28DC40CF399}.Debug|Any CPU.ActiveCfg = Debug|Any CPU
		{471711D7-9446-4CAC-A2C6-C28DC40CF399}.Debug|Any CPU.Build.0 = Debug|Any CPU
		{471711D7-9446-4CAC-A2C6-C28DC40CF399}.Release|Any CPU.ActiveCfg = Release|Any CPU
		{471711D7-9446-4CAC-A2C6-C28DC40CF399}.Release|Any CPU.Build.0 = Release|Any CPU
	EndGlobalSection
	GlobalSection(NestedProjects) = preSolution
		{085FB1D1-70D7-4550-8F72-3AFA563523D3} = {041A21DE-FE29-49C2-9743-15B93E505D89}
		{E4FC2A4C-62B1-4440-B888-DC18D24A036D} = {041A21DE-FE29-49C2-9743-15B93E505D89}
		{471711D7-9446-4CAC-A2C6-C28DC40CF399} = {65D1FDF1-3D18-43EE-BF36-90F68A60CE2E}
	EndGlobalSection
EndGlobal
